
Microsoft Visual Studio Solution File, Format Version 12.00
# Visual Studio Version 16
VisualStudioVersion = 16.0.29920.165
MinimumVisualStudioVersion = 10.0.40219.1
Project("{FAE04EC0-301F-11D3-BF4B-00C04F79EFBC}") = "Lessons", "Lessons\Lessons.csproj", "{1EB28900-8C96-4999-81D5-DCB3EB58B687}"
EndProject
Global
	GlobalSection(SolutionConfigurationPlatforms) = preSolution
		Debug|Any CPU = Debug|Any CPU
		Release|Any CPU = Release|Any CPU
	EndGlobalSection
	GlobalSection(ProjectConfigurationPlatforms) = postSolution
		{1EB28900-8C96-4999-81D5-DCB3EB58B687}.Debug|Any CPU.ActiveCfg = Debug|Any CPU
		{1EB28900-8C96-4999-81D5-DCB3EB58B687}.Debug|Any CPU.Build.0 = Debug|Any CPU
		{1EB28900-8C96-4999-81D5-DCB3EB58B687}.Release|Any CPU.ActiveCfg = Release|Any CPU
		{1EB28900-8C96-4999-81D5-DCB3EB58B687}.Release|Any CPU.Build.0 = Release|Any CPU
	EndGlobalSection
	GlobalSection(SolutionProperties) = preSolution
		HideSolutionNode = FALSE
	EndGlobalSection
	GlobalSection(ExtensibilityGlobals) = postSolution
		SolutionGuid = {13F59E68-733A-4111-B0E4-CCAC3060EE7B}
	EndGlobalSection
EndGlobal
